// !$*UTF8*$!
{
	archiveVersion = 1;
	classes = {
	};
	objectVersion = 46;
	objects = {

/* Begin PBXBuildFile section */
		043610B71DBF5BA800BAF1E1 /* PostCell.swift in Sources */ = {isa = PBXBuildFile; fileRef = 043610B61DBF5BA800BAF1E1 /* PostCell.swift */; };
		043610B91DBF5F8200BAF1E1 /* CirceView.swift in Sources */ = {isa = PBXBuildFile; fileRef = 043610B81DBF5F8200BAF1E1 /* CirceView.swift */; };
		043610BB1DBF644000BAF1E1 /* MaterialvIEW.swift in Sources */ = {isa = PBXBuildFile; fileRef = 043610BA1DBF644000BAF1E1 /* MaterialvIEW.swift */; };
		043610BE1DBF85D900BAF1E1 /* DataService.swift in Sources */ = {isa = PBXBuildFile; fileRef = 043610BD1DBF85D900BAF1E1 /* DataService.swift */; };
		04A987C11DBBA72200A8AF7A /* AppDelegate.swift in Sources */ = {isa = PBXBuildFile; fileRef = 04A987C01DBBA72200A8AF7A /* AppDelegate.swift */; };
		04A987C31DBBA72200A8AF7A /* SignInVC.swift in Sources */ = {isa = PBXBuildFile; fileRef = 04A987C21DBBA72200A8AF7A /* SignInVC.swift */; };
		04A987C61DBBA72200A8AF7A /* Main.storyboard in Resources */ = {isa = PBXBuildFile; fileRef = 04A987C41DBBA72200A8AF7A /* Main.storyboard */; };
		04A987C81DBBA72200A8AF7A /* Assets.xcassets in Resources */ = {isa = PBXBuildFile; fileRef = 04A987C71DBBA72200A8AF7A /* Assets.xcassets */; };
		04A987CB1DBBA72200A8AF7A /* LaunchScreen.storyboard in Resources */ = {isa = PBXBuildFile; fileRef = 04A987C91DBBA72200A8AF7A /* LaunchScreen.storyboard */; };
		04A987D31DBBA79D00A8AF7A /* GoogleService-Info.plist in Resources */ = {isa = PBXBuildFile; fileRef = 04A987D21DBBA79D00A8AF7A /* GoogleService-Info.plist */; };
		04B3BF421DBC649C00D05867 /* Contants.swift in Sources */ = {isa = PBXBuildFile; fileRef = 04B3BF411DBC649C00D05867 /* Contants.swift */; };
		04DBE4D71DBC90D900BDF902 /* FeedVC.swift in Sources */ = {isa = PBXBuildFile; fileRef = 04DBE4D61DBC90D900BDF902 /* FeedVC.swift */; };
		8B02CD583745172A19236420 /* Pods_socialNetwork.framework in Frameworks */ = {isa = PBXBuildFile; fileRef = 66AB10E65897E423558C199E /* Pods_socialNetwork.framework */; };
/* End PBXBuildFile section */

/* Begin PBXFileReference section */
		043610B61DBF5BA800BAF1E1 /* PostCell.swift */ = {isa = PBXFileReference; fileEncoding = 4; lastKnownFileType = sourcecode.swift; path = PostCell.swift; sourceTree = "<group>"; };
		043610B81DBF5F8200BAF1E1 /* CirceView.swift */ = {isa = PBXFileReference; fileEncoding = 4; lastKnownFileType = sourcecode.swift; path = CirceView.swift; sourceTree = "<group>"; };
		043610BA1DBF644000BAF1E1 /* MaterialvIEW.swift */ = {isa = PBXFileReference; fileEncoding = 4; lastKnownFileType = sourcecode.swift; path = MaterialvIEW.swift; sourceTree = "<group>"; };
		043610BD1DBF85D900BAF1E1 /* DataService.swift */ = {isa = PBXFileReference; fileEncoding = 4; lastKnownFileType = sourcecode.swift; path = DataService.swift; sourceTree = "<group>"; };
		04A987BD1DBBA72200A8AF7A /* socialNetwork.app */ = {isa = PBXFileReference; explicitFileType = wrapper.application; includeInIndex = 0; path = socialNetwork.app; sourceTree = BUILT_PRODUCTS_DIR; };
		04A987C01DBBA72200A8AF7A /* AppDelegate.swift */ = {isa = PBXFileReference; lastKnownFileType = sourcecode.swift; path = AppDelegate.swift; sourceTree = "<group>"; };
		04A987C21DBBA72200A8AF7A /* SignInVC.swift */ = {isa = PBXFileReference; lastKnownFileType = sourcecode.swift; path = SignInVC.swift; sourceTree = "<group>"; };
		04A987C51DBBA72200A8AF7A /* Base */ = {isa = PBXFileReference; lastKnownFileType = file.storyboard; name = Base; path = Base.lproj/Main.storyboard; sourceTree = "<group>"; };
		04A987C71DBBA72200A8AF7A /* Assets.xcassets */ = {isa = PBXFileReference; lastKnownFileType = folder.assetcatalog; path = Assets.xcassets; sourceTree = "<group>"; };
		04A987CA1DBBA72200A8AF7A /* Base */ = {isa = PBXFileReference; lastKnownFileType = file.storyboard; name = Base; path = Base.lproj/LaunchScreen.storyboard; sourceTree = "<group>"; };
		04A987CC1DBBA72200A8AF7A /* Info.plist */ = {isa = PBXFileReference; lastKnownFileType = text.plist.xml; path = Info.plist; sourceTree = "<group>"; };
		04A987D21DBBA79D00A8AF7A /* GoogleService-Info.plist */ = {isa = PBXFileReference; fileEncoding = 4; lastKnownFileType = text.plist.xml; path = "GoogleService-Info.plist"; sourceTree = "<group>"; };
		04A987D71DBBC64000A8AF7A /* socialNetwork.entitlements */ = {isa = PBXFileReference; lastKnownFileType = text.plist.entitlements; path = socialNetwork.entitlements; sourceTree = "<group>"; };
		04B3BF411DBC649C00D05867 /* Contants.swift */ = {isa = PBXFileReference; fileEncoding = 4; lastKnownFileType = sourcecode.swift; path = Contants.swift; sourceTree = "<group>"; };
		04DBE4D61DBC90D900BDF902 /* FeedVC.swift */ = {isa = PBXFileReference; fileEncoding = 4; lastKnownFileType = sourcecode.swift; path = FeedVC.swift; sourceTree = "<group>"; };
		66AB10E65897E423558C199E /* Pods_socialNetwork.framework */ = {isa = PBXFileReference; explicitFileType = wrapper.framework; includeInIndex = 0; path = Pods_socialNetwork.framework; sourceTree = BUILT_PRODUCTS_DIR; };
		68EC9373A2F550B7321A0269 /* Pods-socialNetwork.release.xcconfig */ = {isa = PBXFileReference; includeInIndex = 1; lastKnownFileType = text.xcconfig; name = "Pods-socialNetwork.release.xcconfig"; path = "Pods/Target Support Files/Pods-socialNetwork/Pods-socialNetwork.release.xcconfig"; sourceTree = "<group>"; };
		E1DF2849FE6E8C606E2FBA58 /* Pods-socialNetwork.debug.xcconfig */ = {isa = PBXFileReference; includeInIndex = 1; lastKnownFileType = text.xcconfig; name = "Pods-socialNetwork.debug.xcconfig"; path = "Pods/Target Support Files/Pods-socialNetwork/Pods-socialNetwork.debug.xcconfig"; sourceTree = "<group>"; };
/* End PBXFileReference section */

/* Begin PBXFrameworksBuildPhase section */
		04A987BA1DBBA72200A8AF7A /* Frameworks */ = {
			isa = PBXFrameworksBuildPhase;
			buildActionMask = 2147483647;
			files = (
				8B02CD583745172A19236420 /* Pods_socialNetwork.framework in Frameworks */,
			);
			runOnlyForDeploymentPostprocessing = 0;
		};
/* End PBXFrameworksBuildPhase section */

/* Begin PBXGroup section */
		043610BC1DBF859500BAF1E1 /* Service */ = {
			isa = PBXGroup;
			children = (
				043610BD1DBF85D900BAF1E1 /* DataService.swift */,
			);
			name = Service;
			sourceTree = "<group>";
		};
		04A987B41DBBA72200A8AF7A = {
			isa = PBXGroup;
			children = (
				04A987BF1DBBA72200A8AF7A /* socialNetwork */,
				04A987BE1DBBA72200A8AF7A /* Products */,
				5A4219252A55FC69C97A76AF /* Pods */,
				7347FFD0AA092ADCC7113D40 /* Frameworks */,
			);
			sourceTree = "<group>";
		};
		04A987BE1DBBA72200A8AF7A /* Products */ = {
			isa = PBXGroup;
			children = (
				04A987BD1DBBA72200A8AF7A /* socialNetwork.app */,
			);
			name = Products;
			sourceTree = "<group>";
		};
		04A987BF1DBBA72200A8AF7A /* socialNetwork */ = {
			isa = PBXGroup;
			children = (
				043610BC1DBF859500BAF1E1 /* Service */,
				04B3BF401DBC648600D05867 /* Util */,
				04A987D71DBBC64000A8AF7A /* socialNetwork.entitlements */,
				04A987D61DBBAA2200A8AF7A /* Controller */,
				04A987D51DBBAA1C00A8AF7A /* View */,
				04A987D41DBBAA1200A8AF7A /* Modal */,
				04A987C01DBBA72200A8AF7A /* AppDelegate.swift */,
				04A987C71DBBA72200A8AF7A /* Assets.xcassets */,
				04A987C91DBBA72200A8AF7A /* LaunchScreen.storyboard */,
				04A987D21DBBA79D00A8AF7A /* GoogleService-Info.plist */,
				04A987CC1DBBA72200A8AF7A /* Info.plist */,
			);
			path = socialNetwork;
			sourceTree = "<group>";
		};
		04A987D41DBBAA1200A8AF7A /* Modal */ = {
			isa = PBXGroup;
			children = (
			);
			name = Modal;
			sourceTree = "<group>";
		};
		04A987D51DBBAA1C00A8AF7A /* View */ = {
			isa = PBXGroup;
			children = (
				04A987C41DBBA72200A8AF7A /* Main.storyboard */,
				043610B61DBF5BA800BAF1E1 /* PostCell.swift */,
				043610B81DBF5F8200BAF1E1 /* CirceView.swift */,
				043610BA1DBF644000BAF1E1 /* MaterialvIEW.swift */,
			);
			name = View;
			sourceTree = "<group>";
		};
		04A987D61DBBAA2200A8AF7A /* Controller */ = {
			isa = PBXGroup;
			children = (
				04A987C21DBBA72200A8AF7A /* SignInVC.swift */,
				04DBE4D61DBC90D900BDF902 /* FeedVC.swift */,
			);
			name = Controller;
			sourceTree = "<group>";
		};
		04B3BF401DBC648600D05867 /* Util */ = {
			isa = PBXGroup;
			children = (
				04B3BF411DBC649C00D05867 /* Contants.swift */,
			);
			name = Util;
			sourceTree = "<group>";
		};
		5A4219252A55FC69C97A76AF /* Pods */ = {
			isa = PBXGroup;
			children = (
				E1DF2849FE6E8C606E2FBA58 /* Pods-socialNetwork.debug.xcconfig */,
				68EC9373A2F550B7321A0269 /* Pods-socialNetwork.release.xcconfig */,
			);
			name = Pods;
			sourceTree = "<group>";
		};
		7347FFD0AA092ADCC7113D40 /* Frameworks */ = {
			isa = PBXGroup;
			children = (
				66AB10E65897E423558C199E /* Pods_socialNetwork.framework */,
			);
			name = Frameworks;
			sourceTree = "<group>";
		};
/* End PBXGroup section */

/* Begin PBXNativeTarget section */
		04A987BC1DBBA72200A8AF7A /* socialNetwork */ = {
			isa = PBXNativeTarget;
			buildConfigurationList = 04A987CF1DBBA72200A8AF7A /* Build configuration list for PBXNativeTarget "socialNetwork" */;
			buildPhases = (
				D3D5CDC34FD2849BE069ED16 /* [CP] Check Pods Manifest.lock */,
				04A987B91DBBA72200A8AF7A /* Sources */,
				04A987BA1DBBA72200A8AF7A /* Frameworks */,
				04A987BB1DBBA72200A8AF7A /* Resources */,
				EE32B87536D071F9834D7352 /* [CP] Embed Pods Frameworks */,
				4D4AFDE19129C616E82751BD /* [CP] Copy Pods Resources */,
			);
			buildRules = (
			);
			dependencies = (
			);
			name = socialNetwork;
			productName = socialNetwork;
			productReference = 04A987BD1DBBA72200A8AF7A /* socialNetwork.app */;
			productType = "com.apple.product-type.application";
		};
/* End PBXNativeTarget section */

/* Begin PBXProject section */
		04A987B51DBBA72200A8AF7A /* Project object */ = {
			isa = PBXProject;
			attributes = {
				LastSwiftUpdateCheck = 0800;
				LastUpgradeCheck = 0800;
				ORGANIZATIONNAME = "Ngoc Duong Phan";
				TargetAttributes = {
					04A987BC1DBBA72200A8AF7A = {
						CreatedOnToolsVersion = 8.0;
						DevelopmentTeam = 5E2TJD2K87;
						LastSwiftMigration = 0800;
						ProvisioningStyle = Automatic;
						SystemCapabilities = {
							com.apple.Keychain = {
								enabled = 1;
							};
						};
					};
				};
			};
			buildConfigurationList = 04A987B81DBBA72200A8AF7A /* Build configuration list for PBXProject "socialNetwork" */;
			compatibilityVersion = "Xcode 3.2";
			developmentRegion = English;
			hasScannedForEncodings = 0;
			knownRegions = (
				en,
				Base,
			);
			mainGroup = 04A987B41DBBA72200A8AF7A;
			productRefGroup = 04A987BE1DBBA72200A8AF7A /* Products */;
			projectDirPath = "";
			projectRoot = "";
			targets = (
				04A987BC1DBBA72200A8AF7A /* socialNetwork */,
			);
		};
/* End PBXProject section */

/* Begin PBXResourcesBuildPhase section */
		04A987BB1DBBA72200A8AF7A /* Resources */ = {
			isa = PBXResourcesBuildPhase;
			buildActionMask = 2147483647;
			files = (
				04A987CB1DBBA72200A8AF7A /* LaunchScreen.storyboard in Resources */,
				04A987D31DBBA79D00A8AF7A /* GoogleService-Info.plist in Resources */,
				04A987C81DBBA72200A8AF7A /* Assets.xcassets in Resources */,
				04A987C61DBBA72200A8AF7A /* Main.storyboard in Resources */,
			);
			runOnlyForDeploymentPostprocessing = 0;
		};
/* End PBXResourcesBuildPhase section */

/* Begin PBXShellScriptBuildPhase section */
		4D4AFDE19129C616E82751BD /* [CP] Copy Pods Resources */ = {
			isa = PBXShellScriptBuildPhase;
			buildActionMask = 2147483647;
			files = (
			);
			inputPaths = (
			);
			name = "[CP] Copy Pods Resources";
			outputPaths = (
			);
			runOnlyForDeploymentPostprocessing = 0;
			shellPath = /bin/sh;
			shellScript = "\"${SRCROOT}/Pods/Target Support Files/Pods-socialNetwork/Pods-socialNetwork-resources.sh\"\n";
			showEnvVarsInLog = 0;
		};
		D3D5CDC34FD2849BE069ED16 /* [CP] Check Pods Manifest.lock */ = {
			isa = PBXShellScriptBuildPhase;
			buildActionMask = 2147483647;
			files = (
			);
			inputPaths = (
			);
			name = "[CP] Check Pods Manifest.lock";
			outputPaths = (
			);
			runOnlyForDeploymentPostprocessing = 0;
			shellPath = /bin/sh;
			shellScript = "diff \"${PODS_ROOT}/../Podfile.lock\" \"${PODS_ROOT}/Manifest.lock\" > /dev/null\nif [ $? != 0 ] ; then\n    # print error to STDERR\n    echo \"error: The sandbox is not in sync with the Podfile.lock. Run 'pod install' or update your CocoaPods installation.\" >&2\n    exit 1\nfi\n";
			showEnvVarsInLog = 0;
		};
		EE32B87536D071F9834D7352 /* [CP] Embed Pods Frameworks */ = {
			isa = PBXShellScriptBuildPhase;
			buildActionMask = 2147483647;
			files = (
			);
			inputPaths = (
			);
			name = "[CP] Embed Pods Frameworks";
			outputPaths = (
			);
			runOnlyForDeploymentPostprocessing = 0;
			shellPath = /bin/sh;
			shellScript = "\"${SRCROOT}/Pods/Target Support Files/Pods-socialNetwork/Pods-socialNetwork-frameworks.sh\"\n";
			showEnvVarsInLog = 0;
		};
/* End PBXShellScriptBuildPhase section */

/* Begin PBXSourcesBuildPhase section */
		04A987B91DBBA72200A8AF7A /* Sources */ = {
			isa = PBXSourcesBuildPhase;
			buildActionMask = 2147483647;
			files = (
				04A987C31DBBA72200A8AF7A /* SignInVC.swift in Sources */,
				043610B91DBF5F8200BAF1E1 /* CirceView.swift in Sources */,
				04DBE4D71DBC90D900BDF902 /* FeedVC.swift in Sources */,
				04A987C11DBBA72200A8AF7A /* AppDelegate.swift in Sources */,
				04B3BF421DBC649C00D05867 /* Contants.swift in Sources */,
				043610BB1DBF644000BAF1E1 /* MaterialvIEW.swift in Sources */,
				043610B71DBF5BA800BAF1E1 /* PostCell.swift in Sources */,
				043610BE1DBF85D900BAF1E1 /* DataService.swift in Sources */,
			);
			runOnlyForDeploymentPostprocessing = 0;
		};
/* End PBXSourcesBuildPhase section */

/* Begin PBXVariantGroup section */
		04A987C41DBBA72200A8AF7A /* Main.storyboard */ = {
			isa = PBXVariantGroup;
			children = (
				04A987C51DBBA72200A8AF7A /* Base */,
			);
			name = Main.storyboard;
			sourceTree = "<group>";
		};
		04A987C91DBBA72200A8AF7A /* LaunchScreen.storyboard */ = {
			isa = PBXVariantGroup;
			children = (
				04A987CA1DBBA72200A8AF7A /* Base */,
			);
			name = LaunchScreen.storyboard;
			sourceTree = "<group>";
		};
/* End PBXVariantGroup section */

/* Begin XCBuildConfiguration section */
		04A987CD1DBBA72200A8AF7A /* Debug */ = {
			isa = XCBuildConfiguration;
			buildSettings = {
				ALWAYS_SEARCH_USER_PATHS = NO;
				CLANG_ANALYZER_NONNULL = YES;
				CLANG_CXX_LANGUAGE_STANDARD = "gnu++0x";
				CLANG_CXX_LIBRARY = "libc++";
				CLANG_ENABLE_MODULES = YES;
				CLANG_ENABLE_OBJC_ARC = YES;
				CLANG_WARN_BOOL_CONVERSION = YES;
				CLANG_WARN_CONSTANT_CONVERSION = YES;
				CLANG_WARN_DIRECT_OBJC_ISA_USAGE = YES_ERROR;
				CLANG_WARN_DOCUMENTATION_COMMENTS = YES;
				CLANG_WARN_EMPTY_BODY = YES;
				CLANG_WARN_ENUM_CONVERSION = YES;
				CLANG_WARN_INFINITE_RECURSION = YES;
				CLANG_WARN_INT_CONVERSION = YES;
				CLANG_WARN_OBJC_ROOT_CLASS = YES_ERROR;
				CLANG_WARN_SUSPICIOUS_MOVES = YES;
				CLANG_WARN_UNREACHABLE_CODE = YES;
				CLANG_WARN__DUPLICATE_METHOD_MATCH = YES;
				"CODE_SIGN_IDENTITY[sdk=iphoneos*]" = "iPhone Developer";
				COPY_PHASE_STRIP = NO;
				DEBUG_INFORMATION_FORMAT = dwarf;
				ENABLE_STRICT_OBJC_MSGSEND = YES;
				ENABLE_TESTABILITY = YES;
				GCC_C_LANGUAGE_STANDARD = gnu99;
				GCC_DYNAMIC_NO_PIC = NO;
				GCC_NO_COMMON_BLOCKS = YES;
				GCC_OPTIMIZATION_LEVEL = 0;
				GCC_PREPROCESSOR_DEFINITIONS = (
					"DEBUG=1",
					"$(inherited)",
				);
				GCC_WARN_64_TO_32_BIT_CONVERSION = YES;
				GCC_WARN_ABOUT_RETURN_TYPE = YES_ERROR;
				GCC_WARN_UNDECLARED_SELECTOR = YES;
				GCC_WARN_UNINITIALIZED_AUTOS = YES_AGGRESSIVE;
				GCC_WARN_UNUSED_FUNCTION = YES;
				GCC_WARN_UNUSED_VARIABLE = YES;
				IPHONEOS_DEPLOYMENT_TARGET = 10.0;
				MTL_ENABLE_DEBUG_INFO = YES;
				ONLY_ACTIVE_ARCH = YES;
				SDKROOT = iphoneos;
				SWIFT_ACTIVE_COMPILATION_CONDITIONS = DEBUG;
				SWIFT_OPTIMIZATION_LEVEL = "-Onone";
				TARGETED_DEVICE_FAMILY = "1,2";
			};
			name = Debug;
		};
		04A987CE1DBBA72200A8AF7A /* Release */ = {
			isa = XCBuildConfiguration;
			buildSettings = {
				ALWAYS_SEARCH_USER_PATHS = NO;
				CLANG_ANALYZER_NONNULL = YES;
				CLANG_CXX_LANGUAGE_STANDARD = "gnu++0x";
				CLANG_CXX_LIBRARY = "libc++";
				CLANG_ENABLE_MODULES = YES;
				CLANG_ENABLE_OBJC_ARC = YES;
				CLANG_WARN_BOOL_CONVERSION = YES;
				CLANG_WARN_CONSTANT_CONVERSION = YES;
				CLANG_WARN_DIRECT_OBJC_ISA_USAGE = YES_ERROR;
				CLANG_WARN_DOCUMENTATION_COMMENTS = YES;
				CLANG_WARN_EMPTY_BODY = YES;
				CLANG_WARN_ENUM_CONVERSION = YES;
				CLANG_WARN_INFINITE_RECURSION = YES;
				CLANG_WARN_INT_CONVERSION = YES;
				CLANG_WARN_OBJC_ROOT_CLASS = YES_ERROR;
				CLANG_WARN_SUSPICIOUS_MOVES = YES;
				CLANG_WARN_UNREACHABLE_CODE = YES;
				CLANG_WARN__DUPLICATE_METHOD_MATCH = YES;
				"CODE_SIGN_IDENTITY[sdk=iphoneos*]" = "iPhone Developer";
				COPY_PHASE_STRIP = NO;
				DEBUG_INFORMATION_FORMAT = "dwarf-with-dsym";
				ENABLE_NS_ASSERTIONS = NO;
				ENABLE_STRICT_OBJC_MSGSEND = YES;
				GCC_C_LANGUAGE_STANDARD = gnu99;
				GCC_NO_COMMON_BLOCKS = YES;
				GCC_WARN_64_TO_32_BIT_CONVERSION = YES;
				GCC_WARN_ABOUT_RETURN_TYPE = YES_ERROR;
				GCC_WARN_UNDECLARED_SELECTOR = YES;
				GCC_WARN_UNINITIALIZED_AUTOS = YES_AGGRESSIVE;
				GCC_WARN_UNUSED_FUNCTION = YES;
				GCC_WARN_UNUSED_VARIABLE = YES;
				IPHONEOS_DEPLOYMENT_TARGET = 10.0;
				MTL_ENABLE_DEBUG_INFO = NO;
				SDKROOT = iphoneos;
				SWIFT_OPTIMIZATION_LEVEL = "-Owholemodule";
				TARGETED_DEVICE_FAMILY = "1,2";
				VALIDATE_PRODUCT = YES;
			};
			name = Release;
		};
		04A987D01DBBA72200A8AF7A /* Debug */ = {
			isa = XCBuildConfiguration;
			baseConfigurationReference = E1DF2849FE6E8C606E2FBA58 /* Pods-socialNetwork.debug.xcconfig */;
			buildSettings = {
				ASSETCATALOG_COMPILER_APPICON_NAME = AppIcon;
				CODE_SIGN_ENTITLEMENTS = socialNetwork/socialNetwork.entitlements;
				DEVELOPMENT_TEAM = 5E2TJD2K87;
				INFOPLIST_FILE = socialNetwork/Info.plist;
				LD_RUNPATH_SEARCH_PATHS = "$(inherited) @executable_path/Frameworks";
				PRODUCT_BUNDLE_IDENTIFIER = PDN1905.socialNetwork;
				PRODUCT_NAME = "$(TARGET_NAME)";
				SWIFT_VERSION = 3.0;
			};
			name = Debug;
		};
		04A987D11DBBA72200A8AF7A /* Release */ = {
			isa = XCBuildConfiguration;
			baseConfigurationReference = 68EC9373A2F550B7321A0269 /* Pods-socialNetwork.release.xcconfig */;
			buildSettings = {
				ASSETCATALOG_COMPILER_APPICON_NAME = AppIcon;
				CODE_SIGN_ENTITLEMENTS = socialNetwork/socialNetwork.entitlements;
				DEVELOPMENT_TEAM = 5E2TJD2K87;
				INFOPLIST_FILE = socialNetwork/Info.plist;
				LD_RUNPATH_SEARCH_PATHS = "$(inherited) @executable_path/Frameworks";
				PRODUCT_BUNDLE_IDENTIFIER = PDN1905.socialNetwork;
				PRODUCT_NAME = "$(TARGET_NAME)";
				SWIFT_VERSION = 3.0;
			};
			name = Release;
		};
/* End XCBuildConfiguration section */

/* Begin XCConfigurationList section */
		04A987B81DBBA72200A8AF7A /* Build configuration list for PBXProject "socialNetwork" */ = {
			isa = XCConfigurationList;
			buildConfigurations = (
				04A987CD1DBBA72200A8AF7A /* Debug */,
				04A987CE1DBBA72200A8AF7A /* Release */,
			);
			defaultConfigurationIsVisible = 0;
			defaultConfigurationName = Release;
		};
		04A987CF1DBBA72200A8AF7A /* Build configuration list for PBXNativeTarget "socialNetwork" */ = {
			isa = XCConfigurationList;
			buildConfigurations = (
				04A987D01DBBA72200A8AF7A /* Debug */,
				04A987D11DBBA72200A8AF7A /* Release */,
			);
			defaultConfigurationIsVisible = 0;
			defaultConfigurationName = Release;
		};
/* End XCConfigurationList section */
	};
	rootObject = 04A987B51DBBA72200A8AF7A /* Project object */;
}
